// !$*UTF8*$!
{
	archiveVersion = 1;
	classes = {
	};
	objectVersion = 46;
	objects = {

/* Begin PBXBuildFile section */
		031097E015EB0A2D00A285E0 /* Cocoa.framework in Frameworks */ = {isa = PBXBuildFile; fileRef = 031097DF15EB0A2D00A285E0 /* Cocoa.framework */; };
		031097EA15EB0A2D00A285E0 /* InfoPlist.strings in Resources */ = {isa = PBXBuildFile; fileRef = 031097E815EB0A2D00A285E0 /* InfoPlist.strings */; };
		031097EC15EB0A2D00A285E0 /* main.m in Sources */ = {isa = PBXBuildFile; fileRef = 031097EB15EB0A2D00A285E0 /* main.m */; };
		031097F015EB0A2D00A285E0 /* Credits.rtf in Resources */ = {isa = PBXBuildFile; fileRef = 031097EE15EB0A2D00A285E0 /* Credits.rtf */; };
		031097F315EB0A2D00A285E0 /* RSAppDelegate.m in Sources */ = {isa = PBXBuildFile; fileRef = 031097F215EB0A2D00A285E0 /* RSAppDelegate.m */; };
		031097F615EB0A2D00A285E0 /* MainMenu.xib in Resources */ = {isa = PBXBuildFile; fileRef = 031097F415EB0A2D00A285E0 /* MainMenu.xib */; };
/* End PBXBuildFile section */

/* Begin PBXFileReference section */
		031097DB15EB0A2D00A285E0 /* BuiltBoxen.app */ = {isa = PBXFileReference; explicitFileType = wrapper.application; includeInIndex = 0; path = BuiltBoxen.app; sourceTree = BUILT_PRODUCTS_DIR; };
		031097DF15EB0A2D00A285E0 /* Cocoa.framework */ = {isa = PBXFileReference; lastKnownFileType = wrapper.framework; name = Cocoa.framework; path = System/Library/Frameworks/Cocoa.framework; sourceTree = SDKROOT; };
		031097E215EB0A2D00A285E0 /* AppKit.framework */ = {isa = PBXFileReference; lastKnownFileType = wrapper.framework; name = AppKit.framework; path = System/Library/Frameworks/AppKit.framework; sourceTree = SDKROOT; };
		031097E315EB0A2D00A285E0 /* CoreData.framework */ = {isa = PBXFileReference; lastKnownFileType = wrapper.framework; name = CoreData.framework; path = System/Library/Frameworks/CoreData.framework; sourceTree = SDKROOT; };
		031097E415EB0A2D00A285E0 /* Foundation.framework */ = {isa = PBXFileReference; lastKnownFileType = wrapper.framework; name = Foundation.framework; path = System/Library/Frameworks/Foundation.framework; sourceTree = SDKROOT; };
		031097E715EB0A2D00A285E0 /* BuiltBoxen-Info.plist */ = {isa = PBXFileReference; lastKnownFileType = text.plist.xml; path = "BuiltBoxen-Info.plist"; sourceTree = "<group>"; };
		031097E915EB0A2D00A285E0 /* en */ = {isa = PBXFileReference; lastKnownFileType = text.plist.strings; name = en; path = en.lproj/InfoPlist.strings; sourceTree = "<group>"; };
		031097EB15EB0A2D00A285E0 /* main.m */ = {isa = PBXFileReference; lastKnownFileType = sourcecode.c.objc; path = main.m; sourceTree = "<group>"; };
		031097ED15EB0A2D00A285E0 /* BuiltBoxen-Prefix.pch */ = {isa = PBXFileReference; lastKnownFileType = sourcecode.c.h; path = "BuiltBoxen-Prefix.pch"; sourceTree = "<group>"; };
		031097EF15EB0A2D00A285E0 /* en */ = {isa = PBXFileReference; lastKnownFileType = text.rtf; name = en; path = en.lproj/Credits.rtf; sourceTree = "<group>"; };
		031097F115EB0A2D00A285E0 /* RSAppDelegate.h */ = {isa = PBXFileReference; lastKnownFileType = sourcecode.c.h; path = RSAppDelegate.h; sourceTree = "<group>"; };
		031097F215EB0A2D00A285E0 /* RSAppDelegate.m */ = {isa = PBXFileReference; lastKnownFileType = sourcecode.c.objc; path = RSAppDelegate.m; sourceTree = "<group>"; };
		031097F515EB0A2D00A285E0 /* en */ = {isa = PBXFileReference; lastKnownFileType = file.xib; name = en; path = en.lproj/MainMenu.xib; sourceTree = "<group>"; };
/* End PBXFileReference section */

/* Begin PBXFrameworksBuildPhase section */
		031097D815EB0A2D00A285E0 /* Frameworks */ = {
			isa = PBXFrameworksBuildPhase;
			buildActionMask = 2147483647;
			files = (
				031097E015EB0A2D00A285E0 /* Cocoa.framework in Frameworks */,
			);
			runOnlyForDeploymentPostprocessing = 0;
		};
/* End PBXFrameworksBuildPhase section */

/* Begin PBXGroup section */
		031097D015EB0A2D00A285E0 = {
			isa = PBXGroup;
			children = (
				031097E515EB0A2D00A285E0 /* BuiltBoxen */,
				031097DE15EB0A2D00A285E0 /* Frameworks */,
				031097DC15EB0A2D00A285E0 /* Products */,
			);
			sourceTree = "<group>";
		};
		031097DC15EB0A2D00A285E0 /* Products */ = {
			isa = PBXGroup;
			children = (
				031097DB15EB0A2D00A285E0 /* BuiltBoxen.app */,
			);
			name = Products;
			sourceTree = "<group>";
		};
		031097DE15EB0A2D00A285E0 /* Frameworks */ = {
			isa = PBXGroup;
			children = (
				031097DF15EB0A2D00A285E0 /* Cocoa.framework */,
				031097E115EB0A2D00A285E0 /* Other Frameworks */,
			);
			name = Frameworks;
			sourceTree = "<group>";
		};
		031097E115EB0A2D00A285E0 /* Other Frameworks */ = {
			isa = PBXGroup;
			children = (
				031097E215EB0A2D00A285E0 /* AppKit.framework */,
				031097E315EB0A2D00A285E0 /* CoreData.framework */,
				031097E415EB0A2D00A285E0 /* Foundation.framework */,
			);
			name = "Other Frameworks";
			sourceTree = "<group>";
		};
		031097E515EB0A2D00A285E0 /* BuiltBoxen */ = {
			isa = PBXGroup;
			children = (
				031097F115EB0A2D00A285E0 /* RSAppDelegate.h */,
				031097F215EB0A2D00A285E0 /* RSAppDelegate.m */,
				031097F415EB0A2D00A285E0 /* MainMenu.xib */,
				031097E615EB0A2D00A285E0 /* Supporting Files */,
			);
			path = BuiltBoxen;
			sourceTree = "<group>";
		};
		031097E615EB0A2D00A285E0 /* Supporting Files */ = {
			isa = PBXGroup;
			children = (
				031097E715EB0A2D00A285E0 /* BuiltBoxen-Info.plist */,
				031097E815EB0A2D00A285E0 /* InfoPlist.strings */,
				031097EB15EB0A2D00A285E0 /* main.m */,
				031097ED15EB0A2D00A285E0 /* BuiltBoxen-Prefix.pch */,
				031097EE15EB0A2D00A285E0 /* Credits.rtf */,
			);
			name = "Supporting Files";
			sourceTree = "<group>";
		};
/* End PBXGroup section */

/* Begin PBXNativeTarget section */
		031097DA15EB0A2D00A285E0 /* BuiltBoxen */ = {
			isa = PBXNativeTarget;
			buildConfigurationList = 031097F915EB0A2D00A285E0 /* Build configuration list for PBXNativeTarget "BuiltBoxen" */;
			buildPhases = (
				031097D715EB0A2D00A285E0 /* Sources */,
				031097D815EB0A2D00A285E0 /* Frameworks */,
				031097D915EB0A2D00A285E0 /* Resources */,
			);
			buildRules = (
			);
			dependencies = (
			);
			name = BuiltBoxen;
			productName = BuiltBoxen;
			productReference = 031097DB15EB0A2D00A285E0 /* BuiltBoxen.app */;
			productType = "com.apple.product-type.application";
		};
/* End PBXNativeTarget section */

/* Begin PBXProject section */
		031097D215EB0A2D00A285E0 /* Project object */ = {
			isa = PBXProject;
			attributes = {
				CLASSPREFIX = RS;
				LastUpgradeCheck = 0440;
				ORGANIZATIONNAME = "Erik Stainsby";
			};
			buildConfigurationList = 031097D515EB0A2D00A285E0 /* Build configuration list for PBXProject "BuiltBoxen" */;
			compatibilityVersion = "Xcode 3.2";
			developmentRegion = English;
			hasScannedForEncodings = 0;
			knownRegions = (
				en,
			);
			mainGroup = 031097D015EB0A2D00A285E0;
			productRefGroup = 031097DC15EB0A2D00A285E0 /* Products */;
			projectDirPath = "";
			projectRoot = "";
			targets = (
				031097DA15EB0A2D00A285E0 /* BuiltBoxen */,
			);
		};
/* End PBXProject section */

/* Begin PBXResourcesBuildPhase section */
		031097D915EB0A2D00A285E0 /* Resources */ = {
			isa = PBXResourcesBuildPhase;
			buildActionMask = 2147483647;
			files = (
				031097EA15EB0A2D00A285E0 /* InfoPlist.strings in Resources */,
				031097F015EB0A2D00A285E0 /* Credits.rtf in Resources */,
				031097F615EB0A2D00A285E0 /* MainMenu.xib in Resources */,
			);
			runOnlyForDeploymentPostprocessing = 0;
		};
/* End PBXResourcesBuildPhase section */

/* Begin PBXSourcesBuildPhase section */
		031097D715EB0A2D00A285E0 /* Sources */ = {
			isa = PBXSourcesBuildPhase;
			buildActionMask = 2147483647;
			files = (
				031097EC15EB0A2D00A285E0 /* main.m in Sources */,
				031097F315EB0A2D00A285E0 /* RSAppDelegate.m in Sources */,
			);
			runOnlyForDeploymentPostprocessing = 0;
		};
/* End PBXSourcesBuildPhase section */

/* Begin PBXVariantGroup section */
		031097E815EB0A2D00A285E0 /* InfoPlist.strings */ = {
			isa = PBXVariantGroup;
			children = (
				031097E915EB0A2D00A285E0 /* en */,
			);
			name = InfoPlist.strings;
			sourceTree = "<group>";
		};
		031097EE15EB0A2D00A285E0 /* Credits.rtf */ = {
			isa = PBXVariantGroup;
			children = (
				031097EF15EB0A2D00A285E0 /* en */,
			);
			name = Credits.rtf;
			sourceTree = "<group>";
		};
		031097F415EB0A2D00A285E0 /* MainMenu.xib */ = {
			isa = PBXVariantGroup;
			children = (
				031097F515EB0A2D00A285E0 /* en */,
			);
			name = MainMenu.xib;
			sourceTree = "<group>";
		};
/* End PBXVariantGroup section */

/* Begin XCBuildConfiguration section */
		031097F715EB0A2D00A285E0 /* Debug */ = {
			isa = XCBuildConfiguration;
			buildSettings = {
				ALWAYS_SEARCH_USER_PATHS = NO;
				ARCHS = "$(ARCHS_STANDARD_64_BIT)";
				CLANG_CXX_LANGUAGE_STANDARD = "gnu++0x";
				CLANG_ENABLE_OBJC_ARC = YES;
				CLANG_WARN__DUPLICATE_METHOD_MATCH = YES;
				COPY_PHASE_STRIP = NO;
				GCC_C_LANGUAGE_STANDARD = gnu99;
				GCC_DYNAMIC_NO_PIC = NO;
				GCC_ENABLE_OBJC_EXCEPTIONS = YES;
				GCC_OPTIMIZATION_LEVEL = 0;
				GCC_PREPROCESSOR_DEFINITIONS = (
					"DEBUG=1",
					"$(inherited)",
				);
				GCC_SYMBOLS_PRIVATE_EXTERN = NO;
				GCC_WARN_64_TO_32_BIT_CONVERSION = YES;
				GCC_WARN_ABOUT_RETURN_TYPE = YES;
				GCC_WARN_UNINITIALIZED_AUTOS = YES;
				GCC_WARN_UNUSED_VARIABLE = YES;
				MACOSX_DEPLOYMENT_TARGET = 10.8;
				ONLY_ACTIVE_ARCH = YES;
				SDKROOT = macosx;
			};
			name = Debug;
		};
		031097F815EB0A2D00A285E0 /* Release */ = {
			isa = XCBuildConfiguration;
			buildSettings = {
				ALWAYS_SEARCH_USER_PATHS = NO;
				ARCHS = "$(ARCHS_STANDARD_64_BIT)";
				CLANG_CXX_LANGUAGE_STANDARD = "gnu++0x";
				CLANG_ENABLE_OBJC_ARC = YES;
				CLANG_WARN__DUPLICATE_METHOD_MATCH = YES;
				COPY_PHASE_STRIP = YES;
				DEBUG_INFORMATION_FORMAT = "dwarf-with-dsym";
				GCC_C_LANGUAGE_STANDARD = gnu99;
				GCC_ENABLE_OBJC_EXCEPTIONS = YES;
				GCC_WARN_64_TO_32_BIT_CONVERSION = YES;
				GCC_WARN_ABOUT_RETURN_TYPE = YES;
				GCC_WARN_UNINITIALIZED_AUTOS = YES;
				GCC_WARN_UNUSED_VARIABLE = YES;
				MACOSX_DEPLOYMENT_TARGET = 10.8;
				SDKROOT = macosx;
			};
			name = Release;
		};
		031097FA15EB0A2D00A285E0 /* Debug */ = {
			isa = XCBuildConfiguration;
			buildSettings = {
				COMBINE_HIDPI_IMAGES = YES;
				GCC_PRECOMPILE_PREFIX_HEADER = YES;
				GCC_PREFIX_HEADER = "BuiltBoxen/BuiltBoxen-Prefix.pch";
				INFOPLIST_FILE = "BuiltBoxen/BuiltBoxen-Info.plist";
				PRODUCT_NAME = "$(TARGET_NAME)";
				WRAPPER_EXTENSION = app;
			};
			name = Debug;
		};
		031097FB15EB0A2D00A285E0 /* Release */ = {
			isa = XCBuildConfiguration;
			buildSettings = {
				COMBINE_HIDPI_IMAGES = YES;
				GCC_PRECOMPILE_PREFIX_HEADER = YES;
				GCC_PREFIX_HEADER = "BuiltBoxen/BuiltBoxen-Prefix.pch";
				INFOPLIST_FILE = "BuiltBoxen/BuiltBoxen-Info.plist";
				PRODUCT_NAME = "$(TARGET_NAME)";
				WRAPPER_EXTENSION = app;
			};
			name = Release;
		};
/* End XCBuildConfiguration section */

/* Begin XCConfigurationList section */
		031097D515EB0A2D00A285E0 /* Build configuration list for PBXProject "BuiltBoxen" */ = {
			isa = XCConfigurationList;
			buildConfigurations = (
				031097F715EB0A2D00A285E0 /* Debug */,
				031097F815EB0A2D00A285E0 /* Release */,
			);
			defaultConfigurationIsVisible = 0;
			defaultConfigurationName = Release;
		};
		031097F915EB0A2D00A285E0 /* Build configuration list for PBXNativeTarget "BuiltBoxen" */ = {
			isa = XCConfigurationList;
			buildConfigurations = (
				031097FA15EB0A2D00A285E0 /* Debug */,
				031097FB15EB0A2D00A285E0 /* Release */,
			);
			defaultConfigurationIsVisible = 0;
		};
/* End XCConfigurationList section */
	};
	rootObject = 031097D215EB0A2D00A285E0 /* Project object */;
}
